
Microsoft Visual Studio Solution File, Format Version 12.00
Project("{FAE04EC0-301F-11D3-BF4B-00C04F79EFBC}") = "Cordseye.Core", "Cordseye.Core\Cordseye.Core.csproj", "{EFE17F20-1F58-40BA-9B7E-92228C6B5AC4}"
EndProject
Global
	GlobalSection(SolutionConfigurationPlatforms) = preSolution
		Debug|Any CPU = Debug|Any CPU
		Release|Any CPU = Release|Any CPU
	EndGlobalSection
	GlobalSection(ProjectConfigurationPlatforms) = postSolution
		{EFE17F20-1F58-40BA-9B7E-92228C6B5AC4}.Debug|Any CPU.ActiveCfg = Debug|Any CPU
		{EFE17F20-1F58-40BA-9B7E-92228C6B5AC4}.Debug|Any CPU.Build.0 = Debug|Any CPU
		{EFE17F20-1F58-40BA-9B7E-92228C6B5AC4}.Release|Any CPU.ActiveCfg = Release|Any CPU
		{EFE17F20-1F58-40BA-9B7E-92228C6B5AC4}.Release|Any CPU.Build.0 = Release|Any CPU
	EndGlobalSection
EndGlobal
